
Microsoft Visual Studio Solution File, Format Version 12.00
# Visual Studio Version 16
VisualStudioVersion = 16.0.30621.155
MinimumVisualStudioVersion = 10.0.40219.1
Project("{9A19103F-16F7-4668-BE54-9A1E7A4F7556}") = "EwethrateMod", "EwethrateMod.csproj", "{C41876C1-F9A7-43B0-BD97-C194037D4D18}"
EndProject
Global
	GlobalSection(SolutionConfigurationPlatforms) = preSolution
		Debug|Any CPU = Debug|Any CPU
		Release|Any CPU = Release|Any CPU
	EndGlobalSection
	GlobalSection(ProjectConfigurationPlatforms) = postSolution
		{C41876C1-F9A7-43B0-BD97-C194037D4D18}.Debug|Any CPU.ActiveCfg = Debug|Any CPU
		{C41876C1-F9A7-43B0-BD97-C194037D4D18}.Debug|Any CPU.Build.0 = Debug|Any CPU
		{C41876C1-F9A7-43B0-BD97-C194037D4D18}.Release|Any CPU.ActiveCfg = Release|Any CPU
		{C41876C1-F9A7-43B0-BD97-C194037D4D18}.Release|Any CPU.Build.0 = Release|Any CPU
	EndGlobalSection
	GlobalSection(SolutionProperties) = preSolution
		HideSolutionNode = FALSE
	EndGlobalSection
	GlobalSection(ExtensibilityGlobals) = postSolution
		SolutionGuid = {1C1F59F0-F624-47EA-A518-19A3CE560046}
	EndGlobalSection
EndGlobal
